
Microsoft Visual Studio Solution File, Format Version 12.00
# Visual Studio 2012
Project("{FAE04EC0-301F-11D3-BF4B-00C04F79EFBC}") = "MVVM", "MVVM\MVVM.csproj", "{5CE91432-26B8-4F91-8780-551EE8BC8C63}"
EndProject
Project("{FAE04EC0-301F-11D3-BF4B-00C04F79EFBC}") = "Sample", "Sample\Sample.csproj", "{C1E237BF-5BB0-4CE0-BC67-103F21441F36}"
EndProject
Project("{FAE04EC0-301F-11D3-BF4B-00C04F79EFBC}") = "DragAndDrop", "DragAndDrop\DragAndDrop.csproj", "{998CE60F-EE62-4E35-841F-49AB32FFF255}"
EndProject
Project("{FAE04EC0-301F-11D3-BF4B-00C04F79EFBC}") = "CustomControls", "CustomControls\CustomControls.csproj", "{AEF4551B-D9C8-4C34-B440-702317785FEB}"
EndProject
Project("{FAE04EC0-301F-11D3-BF4B-00C04F79EFBC}") = "DynamicDataGrid", "DynamicDataGrid\DynamicDataGrid.csproj", "{99234ADC-1240-45B8-8BD0-AC6E979A08CA}"
EndProject
Project("{2150E333-8FDC-42A3-9474-1A3956D46DE8}") = "Solution Items", "Solution Items", "{A7CB95FE-EAC3-43AC-A958-C59EEA96E701}"
	ProjectSection(SolutionItems) = preProject
		DOC.txt = DOC.txt
	EndProjectSection
EndProject
Project("{FAE04EC0-301F-11D3-BF4B-00C04F79EFBC}") = "DynamicGridView", "DynamicGridView\DynamicGridView.csproj", "{7183D7C8-F2CC-447C-B634-1D30BE644EBD}"
EndProject
Project("{FAE04EC0-301F-11D3-BF4B-00C04F79EFBC}") = "ModalPopupDemo", "ModalPopupDemo\ModalPopupDemo.csproj", "{DC2C92B2-8265-4EF4-A8D8-4ACE7CB454F0}"
EndProject
Project("{FAE04EC0-301F-11D3-BF4B-00C04F79EFBC}") = "ModalPopupOverlay", "ModalPopupOverlay\ModalPopupOverlay.csproj", "{A84032A2-FF7C-4210-97B9-B83837512A89}"
EndProject
Project("{FAE04EC0-301F-11D3-BF4B-00C04F79EFBC}") = "Sample WPF", "WPF Sample 3.5\Sample WPF.csproj", "{9F5F7B12-7894-44C0-BE88-113D515A536D}"
EndProject
Global
	GlobalSection(SolutionConfigurationPlatforms) = preSolution
		Debug|Any CPU = Debug|Any CPU
		Release|Any CPU = Release|Any CPU
	EndGlobalSection
	GlobalSection(ProjectConfigurationPlatforms) = postSolution
		{5CE91432-26B8-4F91-8780-551EE8BC8C63}.Debug|Any CPU.ActiveCfg = Debug|Any CPU
		{5CE91432-26B8-4F91-8780-551EE8BC8C63}.Debug|Any CPU.Build.0 = Debug|Any CPU
		{5CE91432-26B8-4F91-8780-551EE8BC8C63}.Release|Any CPU.ActiveCfg = Release|Any CPU
		{5CE91432-26B8-4F91-8780-551EE8BC8C63}.Release|Any CPU.Build.0 = Release|Any CPU
		{C1E237BF-5BB0-4CE0-BC67-103F21441F36}.Debug|Any CPU.ActiveCfg = Debug|Any CPU
		{C1E237BF-5BB0-4CE0-BC67-103F21441F36}.Debug|Any CPU.Build.0 = Debug|Any CPU
		{C1E237BF-5BB0-4CE0-BC67-103F21441F36}.Release|Any CPU.ActiveCfg = Release|Any CPU
		{C1E237BF-5BB0-4CE0-BC67-103F21441F36}.Release|Any CPU.Build.0 = Release|Any CPU
		{998CE60F-EE62-4E35-841F-49AB32FFF255}.Debug|Any CPU.ActiveCfg = Debug|Any CPU
		{998CE60F-EE62-4E35-841F-49AB32FFF255}.Debug|Any CPU.Build.0 = Debug|Any CPU
		{998CE60F-EE62-4E35-841F-49AB32FFF255}.Release|Any CPU.ActiveCfg = Release|Any CPU
		{998CE60F-EE62-4E35-841F-49AB32FFF255}.Release|Any CPU.Build.0 = Release|Any CPU
		{AEF4551B-D9C8-4C34-B440-702317785FEB}.Debug|Any CPU.ActiveCfg = Debug|Any CPU
		{AEF4551B-D9C8-4C34-B440-702317785FEB}.Debug|Any CPU.Build.0 = Debug|Any CPU
		{AEF4551B-D9C8-4C34-B440-702317785FEB}.Release|Any CPU.ActiveCfg = Release|Any CPU
		{AEF4551B-D9C8-4C34-B440-702317785FEB}.Release|Any CPU.Build.0 = Release|Any CPU
		{99234ADC-1240-45B8-8BD0-AC6E979A08CA}.Debug|Any CPU.ActiveCfg = Debug|Any CPU
		{99234ADC-1240-45B8-8BD0-AC6E979A08CA}.Debug|Any CPU.Build.0 = Debug|Any CPU
		{99234ADC-1240-45B8-8BD0-AC6E979A08CA}.Release|Any CPU.ActiveCfg = Release|Any CPU
		{99234ADC-1240-45B8-8BD0-AC6E979A08CA}.Release|Any CPU.Build.0 = Release|Any CPU
		{7183D7C8-F2CC-447C-B634-1D30BE644EBD}.Debug|Any CPU.ActiveCfg = Debug|Any CPU
		{7183D7C8-F2CC-447C-B634-1D30BE644EBD}.Debug|Any CPU.Build.0 = Debug|Any CPU
		{7183D7C8-F2CC-447C-B634-1D30BE644EBD}.Release|Any CPU.ActiveCfg = Release|Any CPU
		{7183D7C8-F2CC-447C-B634-1D30BE644EBD}.Release|Any CPU.Build.0 = Release|Any CPU
		{DC2C92B2-8265-4EF4-A8D8-4ACE7CB454F0}.Debug|Any CPU.ActiveCfg = Debug|Any CPU
		{DC2C92B2-8265-4EF4-A8D8-4ACE7CB454F0}.Debug|Any CPU.Build.0 = Debug|Any CPU
		{DC2C92B2-8265-4EF4-A8D8-4ACE7CB454F0}.Release|Any CPU.ActiveCfg = Release|Any CPU
		{DC2C92B2-8265-4EF4-A8D8-4ACE7CB454F0}.Release|Any CPU.Build.0 = Release|Any CPU
		{A84032A2-FF7C-4210-97B9-B83837512A89}.Debug|Any CPU.ActiveCfg = Debug|Any CPU
		{A84032A2-FF7C-4210-97B9-B83837512A89}.Debug|Any CPU.Build.0 = Debug|Any CPU
		{A84032A2-FF7C-4210-97B9-B83837512A89}.Release|Any CPU.ActiveCfg = Release|Any CPU
		{A84032A2-FF7C-4210-97B9-B83837512A89}.Release|Any CPU.Build.0 = Release|Any CPU
		{9F5F7B12-7894-44C0-BE88-113D515A536D}.Debug|Any CPU.ActiveCfg = Debug|Any CPU
		{9F5F7B12-7894-44C0-BE88-113D515A536D}.Debug|Any CPU.Build.0 = Debug|Any CPU
		{9F5F7B12-7894-44C0-BE88-113D515A536D}.Release|Any CPU.ActiveCfg = Release|Any CPU
		{9F5F7B12-7894-44C0-BE88-113D515A536D}.Release|Any CPU.Build.0 = Release|Any CPU
	EndGlobalSection
	GlobalSection(SolutionProperties) = preSolution
		HideSolutionNode = FALSE
	EndGlobalSection
EndGlobal
