
Microsoft Visual Studio Solution File, Format Version 12.00
# Visual Studio 2012
Project("{FAE04EC0-301F-11D3-BF4B-00C04F79EFBC}") = "MVVM", "MVVM\MVVM.csproj", "{5CE91432-26B8-4F91-8780-551EE8BC8C63}"
EndProject
Project("{FAE04EC0-301F-11D3-BF4B-00C04F79EFBC}") = "Sample", "Sample\Sample.csproj", "{C1E237BF-5BB0-4CE0-BC67-103F21441F36}"
EndProject
Project("{FAE04EC0-301F-11D3-BF4B-00C04F79EFBC}") = "DragAndDrop", "DragAndDrop\DragAndDrop.csproj", "{998CE60F-EE62-4E35-841F-49AB32FFF255}"
EndProject
Project("{FAE04EC0-301F-11D3-BF4B-00C04F79EFBC}") = "CustomControls", "CustomControls\CustomControls.csproj", "{AEF4551B-D9C8-4C34-B440-702317785FEB}"
EndProject
Global
	GlobalSection(SolutionConfigurationPlatforms) = preSolution
		Debug|Any CPU = Debug|Any CPU
		Release|Any CPU = Release|Any CPU
	EndGlobalSection
	GlobalSection(ProjectConfigurationPlatforms) = postSolution
		{5CE91432-26B8-4F91-8780-551EE8BC8C63}.Debug|Any CPU.ActiveCfg = Debug|Any CPU
		{5CE91432-26B8-4F91-8780-551EE8BC8C63}.Debug|Any CPU.Build.0 = Debug|Any CPU
		{5CE91432-26B8-4F91-8780-551EE8BC8C63}.Release|Any CPU.ActiveCfg = Release|Any CPU
		{5CE91432-26B8-4F91-8780-551EE8BC8C63}.Release|Any CPU.Build.0 = Release|Any CPU
		{C1E237BF-5BB0-4CE0-BC67-103F21441F36}.Debug|Any CPU.ActiveCfg = Debug|Any CPU
		{C1E237BF-5BB0-4CE0-BC67-103F21441F36}.Debug|Any CPU.Build.0 = Debug|Any CPU
		{C1E237BF-5BB0-4CE0-BC67-103F21441F36}.Release|Any CPU.ActiveCfg = Release|Any CPU
		{C1E237BF-5BB0-4CE0-BC67-103F21441F36}.Release|Any CPU.Build.0 = Release|Any CPU
		{998CE60F-EE62-4E35-841F-49AB32FFF255}.Debug|Any CPU.ActiveCfg = Debug|Any CPU
		{998CE60F-EE62-4E35-841F-49AB32FFF255}.Debug|Any CPU.Build.0 = Debug|Any CPU
		{998CE60F-EE62-4E35-841F-49AB32FFF255}.Release|Any CPU.ActiveCfg = Release|Any CPU
		{998CE60F-EE62-4E35-841F-49AB32FFF255}.Release|Any CPU.Build.0 = Release|Any CPU
		{AEF4551B-D9C8-4C34-B440-702317785FEB}.Debug|Any CPU.ActiveCfg = Debug|Any CPU
		{AEF4551B-D9C8-4C34-B440-702317785FEB}.Debug|Any CPU.Build.0 = Debug|Any CPU
		{AEF4551B-D9C8-4C34-B440-702317785FEB}.Release|Any CPU.ActiveCfg = Release|Any CPU
		{AEF4551B-D9C8-4C34-B440-702317785FEB}.Release|Any CPU.Build.0 = Release|Any CPU
	EndGlobalSection
	GlobalSection(SolutionProperties) = preSolution
		HideSolutionNode = FALSE
	EndGlobalSection
EndGlobal
